
Microsoft Visual Studio Solution File, Format Version 12.00
# Visual Studio Version 17
VisualStudioVersion = 17.9.34701.34
MinimumVisualStudioVersion = 10.0.40219.1
Project("{FAE04EC0-301F-11D3-BF4B-00C04F79EFBC}") = "Laba3", "Laba3\Laba3.csproj", "{CD3D6BB1-8DAD-4229-80E2-D772E91DFD50}"
EndProject
Global
	GlobalSection(SolutionConfigurationPlatforms) = preSolution
		Debug|Any CPU = Debug|Any CPU
		Release|Any CPU = Release|Any CPU
	EndGlobalSection
	GlobalSection(ProjectConfigurationPlatforms) = postSolution
		{CD3D6BB1-8DAD-4229-80E2-D772E91DFD50}.Debug|Any CPU.ActiveCfg = Debug|Any CPU
		{CD3D6BB1-8DAD-4229-80E2-D772E91DFD50}.Debug|Any CPU.Build.0 = Debug|Any CPU
		{CD3D6BB1-8DAD-4229-80E2-D772E91DFD50}.Release|Any CPU.ActiveCfg = Release|Any CPU
		{CD3D6BB1-8DAD-4229-80E2-D772E91DFD50}.Release|Any CPU.Build.0 = Release|Any CPU
	EndGlobalSection
	GlobalSection(SolutionProperties) = preSolution
		HideSolutionNode = FALSE
	EndGlobalSection
	GlobalSection(ExtensibilityGlobals) = postSolution
		SolutionGuid = {E6CA7CDB-0E60-4C5A-8B8B-8EEA52B4F9BA}
	EndGlobalSection
EndGlobal
